<?xml version="1.0" encoding="utf-8"?>
<Project ToolsVersion="4.0" xmlns="http://schemas.microsoft.com/developer/msbuild/2003">
  <ItemGroup>
    <Filter Include="ソース ファイル">
      <UniqueIdentifier>{4FC737F1-C7A5-4376-A066-2A32D752A2FF}</UniqueIdentifier>
      <Extensions>cpp;c;cc;cxx;c++;cppm;ixx;def;odl;idl;hpj;bat;asm;asmx</Extensions>
    </Filter>
    <Filter Include="ヘッダー ファイル">
      <UniqueIdentifier>{93995380-89BD-4b04-88EB-625FBE52EBFB}</UniqueIdentifier>
      <Extensions>h;hh;hpp;hxx;h++;hm;inl;inc;ipp;xsd</Extensions>
    </Filter>
    <Filter Include="リソース ファイル">
      <UniqueIdentifier>{67DA6AB6-F800-4c08-8B7A-83BB121AAD01}</UniqueIdentifier>
      <Extensions>rc;ico;cur;bmp;dlg;rc2;rct;bin;rgs;gif;jpg;jpeg;jpe;resx;tiff;tif;png;wav;mfcribbon-ms</Extensions>
    </Filter>
    <Filter Include="ソース ファイル\Game">
      <UniqueIdentifier>{e6b9b36a-939c-494a-bbb2-0bcbcb8600a8}</UniqueIdentifier>
    </Filter>
    <Filter Include="ソース ファイル\Game\Scene">
      <UniqueIdentifier>{a73a8f75-fa3f-42f1-a94d-7db0a44c8833}</UniqueIdentifier>
    </Filter>
    <Filter Include="ソース ファイル\Game\Scene\Title">
      <UniqueIdentifier>{19eb2729-0263-49a8-93dc-c8c30b05ba31}</UniqueIdentifier>
    </Filter>
    <Filter Include="ソース ファイル\Game\Scene\Result">
      <UniqueIdentifier>{ee6efb90-9180-4b6a-baed-872bd555d3d1}</UniqueIdentifier>
    </Filter>
    <Filter Include="ソース ファイル\Game\Scene\Play">
      <UniqueIdentifier>{f0a99cbf-61ce-41c3-a6e6-72c0e8bc4ab2}</UniqueIdentifier>
    </Filter>
    <Filter Include="ソース ファイル\Game\Object">
      <UniqueIdentifier>{fe65d884-2133-4b18-a86e-01e9687525a1}</UniqueIdentifier>
    </Filter>
    <Filter Include="ソース ファイル\Game\Object\Enemy">
      <UniqueIdentifier>{76a81bd5-45f9-4931-8b05-dd06a0e4326a}</UniqueIdentifier>
    </Filter>
    <Filter Include="ソース ファイル\Game\Object\Player">
      <UniqueIdentifier>{36d7ed44-e973-4d66-bb8a-482bd4c32c54}</UniqueIdentifier>
    </Filter>
    <Filter Include="ソース ファイル\Game\Map">
      <UniqueIdentifier>{3915ddbf-fa31-42ad-80b6-63bebf923fe6}</UniqueIdentifier>
    </Filter>
    <Filter Include="ソース ファイル\Game\Item">
      <UniqueIdentifier>{8be94e02-e9a3-494b-89b0-a82964ad4763}</UniqueIdentifier>
    </Filter>
    <Filter Include="ソース ファイル\Lib">
      <UniqueIdentifier>{b51eb1f0-c99c-4425-a206-1a1fc6a51ec1}</UniqueIdentifier>
    </Filter>
    <Filter Include="ソース ファイル\Lib\Sound">
      <UniqueIdentifier>{dcec945b-01bc-45dc-ade8-c3947c6dde61}</UniqueIdentifier>
    </Filter>
    <Filter Include="ソース ファイル\Lib\Input">
      <UniqueIdentifier>{b1d5e783-06b1-4bc4-b197-55acbf8393ed}</UniqueIdentifier>
    </Filter>
    <Filter Include="ソース ファイル\Game\Camera">
      <UniqueIdentifier>{17a0f2c1-e0ab-43f5-aa1b-1070b17f383e}</UniqueIdentifier>
    </Filter>
    <Filter Include="ソース ファイル\Game\Camera\Edit">
      <UniqueIdentifier>{2fa59ce4-8787-4d2d-b3e3-1813181480d7}</UniqueIdentifier>
    </Filter>
    <Filter Include="ソース ファイル\Game\Camera\Debug">
      <UniqueIdentifier>{0ae0dce8-d7ac-402b-ab38-052c70afe381}</UniqueIdentifier>
    </Filter>
    <Filter Include="ソース ファイル\Game\Camera\Play">
      <UniqueIdentifier>{669429ed-6cef-4c66-a121-ca307a91f18e}</UniqueIdentifier>
    </Filter>
    <Filter Include="ソース ファイル\Game\Object\Enemy\Enemy1">
      <UniqueIdentifier>{ee293c5c-82f1-4a96-9725-ad6615bdf509}</UniqueIdentifier>
    </Filter>
    <Filter Include="ソース ファイル\Game\Object\Enemy\Enemy2">
      <UniqueIdentifier>{16fa037a-bdc1-4648-8dba-84c2920381f1}</UniqueIdentifier>
    </Filter>
    <Filter Include="ソース ファイル\Game\Object\Enemy\Enemy3">
      <UniqueIdentifier>{2a88c598-0722-44a9-b0b9-07e3a3c1af0d}</UniqueIdentifier>
    </Filter>
    <Filter Include="ソース ファイル\Game\Object\Enemy\Enemy4">
      <UniqueIdentifier>{c9a10486-36d5-4553-a1d6-862ff8eb52ea}</UniqueIdentifier>
    </Filter>
    <Filter Include="ソース ファイル\Game\Item\FieldItem">
      <UniqueIdentifier>{f83fb44d-9258-402d-a185-9ba18639ac1b}</UniqueIdentifier>
    </Filter>
    <Filter Include="ソース ファイル\Game\Map\Room">
      <UniqueIdentifier>{b687cee4-58b5-4503-8521-52700385b2af}</UniqueIdentifier>
    </Filter>
    <Filter Include="ソース ファイル\Game\Map\MapData">
      <UniqueIdentifier>{6eff6f45-28fb-4d9b-bc22-610402b8dc2d}</UniqueIdentifier>
    </Filter>
    <Filter Include="ソース ファイル\Game\Map\FieldItemManager">
      <UniqueIdentifier>{83cc6370-c3ce-44bc-8338-cf4707d2e25a}</UniqueIdentifier>
    </Filter>
    <Filter Include="ソース ファイル\Game\Map\MapCreate">
      <UniqueIdentifier>{fce4425a-9eb1-48d1-9667-48f4cb1e2a9d}</UniqueIdentifier>
    </Filter>
    <Filter Include="ソース ファイル\Game\Map\ItemMenu">
      <UniqueIdentifier>{e4b3bd40-0eeb-43cf-92ce-14cc7090898c}</UniqueIdentifier>
    </Filter>
    <Filter Include="ソース ファイル\Game\Map\MapDraw">
      <UniqueIdentifier>{8b8be648-2b81-4215-9f87-24099d56f59c}</UniqueIdentifier>
    </Filter>
    <Filter Include="ソース ファイル\Game\UI">
      <UniqueIdentifier>{b359e093-346b-470a-bd1a-4626439df1d7}</UniqueIdentifier>
    </Filter>
    <Filter Include="ソース ファイル\Game\Object\ObjectManager">
      <UniqueIdentifier>{cc8ffd35-aaaa-41c8-a416-e562610de275}</UniqueIdentifier>
    </Filter>
    <Filter Include="ソース ファイル\Game\Object\ObjectManager\CombatResolver">
      <UniqueIdentifier>{bd90f27f-95d1-4a82-b1e1-a0a9284c04b6}</UniqueIdentifier>
    </Filter>
    <Filter Include="ソース ファイル\Game\Object\ObjectManager\MoveRule">
      <UniqueIdentifier>{23dee352-7095-426e-bf2b-2ac1d427d1c9}</UniqueIdentifier>
    </Filter>
    <Filter Include="ソース ファイル\Game\Object\ObjectManager\ObjectSearch">
      <UniqueIdentifier>{707a00ce-ca85-4166-a0dd-8342775160e4}</UniqueIdentifier>
    </Filter>
    <Filter Include="ソース ファイル\Game\Object\ObjectManager\ObjectSpawner">
      <UniqueIdentifier>{9c0dd4d0-716f-4be9-a913-d40445af9840}</UniqueIdentifier>
    </Filter>
    <Filter Include="ソース ファイル\Game\Object\ObjectManager\ObjectStore">
      <UniqueIdentifier>{b3878cd8-71ea-4acc-a31b-a90cd897fa77}</UniqueIdentifier>
    </Filter>
  </ItemGroup>
  <ItemGroup>
    <ClInclude Include="Src\Game\Common.h">
      <Filter>ソース ファイル\Game</Filter>
    </ClInclude>
    <ClInclude Include="Src\Game\Scene\Scene.h">
      <Filter>ソース ファイル\Game\Scene</Filter>
    </ClInclude>
    <ClInclude Include="Src\Game\Scene\SceneManager.h">
      <Filter>ソース ファイル\Game\Scene</Filter>
    </ClInclude>
    <ClInclude Include="Src\Game\Scene\Title\TitleScene.h">
      <Filter>ソース ファイル\Game\Scene\Title</Filter>
    </ClInclude>
    <ClInclude Include="Src\Game\Scene\Result\ResultScene.h">
      <Filter>ソース ファイル\Game\Scene\Result</Filter>
    </ClInclude>
    <ClInclude Include="Src\Game\Scene\Play\PlayScene.h">
      <Filter>ソース ファイル\Game\Scene\Play</Filter>
    </ClInclude>
    <ClInclude Include="Src\Game\Object\Object.h">
      <Filter>ソース ファイル\Game\Object</Filter>
    </ClInclude>
    <ClInclude Include="Src\Game\Object\Player\Player.h">
      <Filter>ソース ファイル\Game\Object\Player</Filter>
    </ClInclude>
    <ClInclude Include="Src\Game\Object\Enemy\Enemy.h">
      <Filter>ソース ファイル\Game\Object\Enemy</Filter>
    </ClInclude>
    <ClInclude Include="Src\Game\Map\Map.h">
      <Filter>ソース ファイル\Game\Map</Filter>
    </ClInclude>
    <ClInclude Include="Src\Game\Item\Item.h">
      <Filter>ソース ファイル\Game\Item</Filter>
    </ClInclude>
    <ClInclude Include="Src\Lib\Sound\Sound.h">
      <Filter>ソース ファイル\Lib\Sound</Filter>
    </ClInclude>
    <ClInclude Include="Src\Lib\Input\Input.h">
      <Filter>ソース ファイル\Lib\Input</Filter>
    </ClInclude>
    <ClInclude Include="Src\Lib\Input\PadInput.h">
      <Filter>ソース ファイル\Lib\Input</Filter>
    </ClInclude>
    <ClInclude Include="Src\Game\Camera\CameraManager.h">
      <Filter>ソース ファイル\Game\Camera</Filter>
    </ClInclude>
    <ClInclude Include="Src\Game\Camera\Play\PlayCamera.h">
      <Filter>ソース ファイル\Game\Camera\Play</Filter>
    </ClInclude>
    <ClInclude Include="Src\Game\Camera\Debug\DebugCamera.h">
      <Filter>ソース ファイル\Game\Camera\Debug</Filter>
    </ClInclude>
    <ClInclude Include="Src\Game\Camera\Edit\EditCamera.h">
      <Filter>ソース ファイル\Game\Camera\Edit</Filter>
    </ClInclude>
    <ClInclude Include="Src\Game\Object\Enemy\EnemyModelManager.h">
      <Filter>ソース ファイル\Game\Object\Enemy</Filter>
    </ClInclude>
    <ClInclude Include="Src\Game\Object\Enemy\Enemy1\Enemy1.h">
      <Filter>ソース ファイル\Game\Object\Enemy\Enemy1</Filter>
    </ClInclude>
    <ClInclude Include="Src\Game\Object\Enemy\Enemy2\Enemy2.h">
      <Filter>ソース ファイル\Game\Object\Enemy\Enemy2</Filter>
    </ClInclude>
    <ClInclude Include="Src\Game\Object\Enemy\Enemy3\Enemy3.h">
      <Filter>ソース ファイル\Game\Object\Enemy\Enemy3</Filter>
    </ClInclude>
    <ClInclude Include="Src\Game\Object\Enemy\Enemy4\Enemy4.h">
      <Filter>ソース ファイル\Game\Object\Enemy\Enemy4</Filter>
    </ClInclude>
    <ClInclude Include="Src\Game\Item\ItemModelManager.h">
      <Filter>ソース ファイル\Game\Item</Filter>
    </ClInclude>
    <ClInclude Include="Src\Game\Item\FieldItem\FieldItem.h">
      <Filter>ソース ファイル\Game\Item\FieldItem</Filter>
    </ClInclude>
    <ClInclude Include="Src\Game\Item\ItemUseContext.h">
      <Filter>ソース ファイル\Game\Item</Filter>
    </ClInclude>
    <ClInclude Include="Src\Game\Map\Room\Room.h">
      <Filter>ソース ファイル\Game\Map\Room</Filter>
    </ClInclude>
    <ClInclude Include="Src\Game\Map\MapData\MapData.h">
      <Filter>ソース ファイル\Game\Map\MapData</Filter>
    </ClInclude>
    <ClInclude Include="Src\Game\Map\MapCommon.h">
      <Filter>ソース ファイル\Game\Map</Filter>
    </ClInclude>
    <ClInclude Include="Src\Game\Map\FieldItemManager\FieldItemManager.h">
      <Filter>ソース ファイル\Game\Map\FieldItemManager</Filter>
    </ClInclude>
    <ClInclude Include="Src\Game\Map\MapCreate\MapCreate.h">
      <Filter>ソース ファイル\Game\Map\MapCreate</Filter>
    </ClInclude>
    <ClInclude Include="Src\Game\Map\ItemMenu\ItemMenu.h">
      <Filter>ソース ファイル\Game\Map\ItemMenu</Filter>
    </ClInclude>
    <ClInclude Include="Src\Game\Map\MapDraw\MapDraw.h">
      <Filter>ソース ファイル\Game\Map\MapDraw</Filter>
    </ClInclude>
    <ClInclude Include="Src\Game\Object\ObjectCommon.h">
      <Filter>ソース ファイル\Game\Object</Filter>
    </ClInclude>
    <ClInclude Include="Src\Game\UI\UI.h">
      <Filter>ソース ファイル\Game\UI</Filter>
    </ClInclude>
    <ClInclude Include="Src\Game\UI\Log.h">
      <Filter>ソース ファイル\Game\UI</Filter>
    </ClInclude>
    <ClInclude Include="Src\Game\Object\ObjectManager\ObjectManager.h">
      <Filter>ソース ファイル\Game\Object\ObjectManager</Filter>
    </ClInclude>
    <ClInclude Include="Src\Game\Object\ObjectManager\ObjectStore\ObjectStore.h">
      <Filter>ソース ファイル\Game\Object\ObjectManager\ObjectStore</Filter>
    </ClInclude>
    <ClInclude Include="Src\Game\Object\ObjectManager\ObjectSpawner\ObjectSpawner.h">
      <Filter>ソース ファイル\Game\Object\ObjectManager\ObjectSpawner</Filter>
    </ClInclude>
    <ClInclude Include="Src\Game\Object\ObjectManager\ObjectSearch\ObjectSearch.h">
      <Filter>ソース ファイル\Game\Object\ObjectManager\ObjectSearch</Filter>
    </ClInclude>
    <ClInclude Include="Src\Game\Object\ObjectManager\MoveRule\MoveRule.h">
      <Filter>ソース ファイル\Game\Object\ObjectManager\MoveRule</Filter>
    </ClInclude>
    <ClInclude Include="Src\Game\Object\ObjectManager\CombatResolver\CombatResolver.h">
      <Filter>ソース ファイル\Game\Object\ObjectManager\CombatResolver</Filter>
    </ClInclude>
  </ItemGroup>
  <ItemGroup>
    <ClCompile Include="Src\Game\main.cpp">
      <Filter>ソース ファイル\Game</Filter>
    </ClCompile>
    <ClCompile Include="Src\Game\Scene\SceneManager.cpp">
      <Filter>ソース ファイル\Game\Scene</Filter>
    </ClCompile>
    <ClCompile Include="Src\Game\Scene\Title\TitleScene.cpp">
      <Filter>ソース ファイル\Game\Scene\Title</Filter>
    </ClCompile>
    <ClCompile Include="Src\Game\Scene\Result\ResultScene.cpp">
      <Filter>ソース ファイル\Game\Scene\Result</Filter>
    </ClCompile>
    <ClCompile Include="Src\Game\Scene\Play\PlayScene.cpp">
      <Filter>ソース ファイル\Game\Scene\Play</Filter>
    </ClCompile>
    <ClCompile Include="Src\Game\Object\Object.cpp">
      <Filter>ソース ファイル\Game\Object</Filter>
    </ClCompile>
    <ClCompile Include="Src\Game\Object\Player\Player.cpp">
      <Filter>ソース ファイル\Game\Object\Player</Filter>
    </ClCompile>
    <ClCompile Include="Src\Game\Object\Enemy\Enemy.cpp">
      <Filter>ソース ファイル\Game\Object\Enemy</Filter>
    </ClCompile>
    <ClCompile Include="Src\Game\Map\Map.cpp">
      <Filter>ソース ファイル\Game\Map</Filter>
    </ClCompile>
    <ClCompile Include="Src\Game\Item\Item.cpp">
      <Filter>ソース ファイル\Game\Item</Filter>
    </ClCompile>
    <ClCompile Include="Src\Lib\Sound\Sound.cpp">
      <Filter>ソース ファイル\Lib\Sound</Filter>
    </ClCompile>
    <ClCompile Include="Src\Lib\Input\Input.cpp">
      <Filter>ソース ファイル\Lib\Input</Filter>
    </ClCompile>
    <ClCompile Include="Src\Lib\Input\PadInput.cpp">
      <Filter>ソース ファイル\Lib\Input</Filter>
    </ClCompile>
    <ClCompile Include="Src\Game\Camera\CameraManager.cpp">
      <Filter>ソース ファイル\Game\Camera</Filter>
    </ClCompile>
    <ClCompile Include="Src\Game\Camera\Play\PlayCamera.cpp">
      <Filter>ソース ファイル\Game\Camera\Play</Filter>
    </ClCompile>
    <ClCompile Include="Src\Game\Camera\Debug\DebugCamera.cpp">
      <Filter>ソース ファイル\Game\Camera\Debug</Filter>
    </ClCompile>
    <ClCompile Include="Src\Game\Camera\Edit\EditCamera.cpp">
      <Filter>ソース ファイル\Game\Camera\Edit</Filter>
    </ClCompile>
    <ClCompile Include="Src\Game\Object\Enemy\EnemyModelManager.cpp">
      <Filter>ソース ファイル\Game\Object\Enemy</Filter>
    </ClCompile>
    <ClCompile Include="Src\Game\Object\Enemy\Enemy1\Enemy1.cpp">
      <Filter>ソース ファイル\Game\Object\Enemy\Enemy1</Filter>
    </ClCompile>
    <ClCompile Include="Src\Game\Object\Enemy\Enemy2\Enemy2.cpp">
      <Filter>ソース ファイル\Game\Object\Enemy\Enemy2</Filter>
    </ClCompile>
    <ClCompile Include="Src\Game\Object\Enemy\Enemy3\Enemy3.cpp">
      <Filter>ソース ファイル\Game\Object\Enemy\Enemy3</Filter>
    </ClCompile>
    <ClCompile Include="Src\Game\Object\Enemy\Enemy4\Enemy4.cpp">
      <Filter>ソース ファイル\Game\Object\Enemy\Enemy4</Filter>
    </ClCompile>
    <ClCompile Include="Src\Game\Item\ItemModelManager.cpp">
      <Filter>ソース ファイル\Game\Item</Filter>
    </ClCompile>
    <ClCompile Include="Src\Game\Item\FieldItem\FieldItem.cpp">
      <Filter>ソース ファイル\Game\Item\FieldItem</Filter>
    </ClCompile>
    <ClCompile Include="Src\Game\Map\Room\Room.cpp">
      <Filter>ソース ファイル\Game\Map\Room</Filter>
    </ClCompile>
    <ClCompile Include="Src\Game\Map\MapData\MapData.cpp">
      <Filter>ソース ファイル\Game\Map\MapData</Filter>
    </ClCompile>
    <ClCompile Include="Src\Game\Map\FieldItemManager\FieldItemManager.cpp">
      <Filter>ソース ファイル\Game\Map\FieldItemManager</Filter>
    </ClCompile>
    <ClCompile Include="Src\Game\Map\MapCreate\MapCreate.cpp">
      <Filter>ソース ファイル\Game\Map\MapCreate</Filter>
    </ClCompile>
    <ClCompile Include="Src\Game\Map\ItemMenu\ItemMenu.cpp">
      <Filter>ソース ファイル\Game\Map\ItemMenu</Filter>
    </ClCompile>
    <ClCompile Include="Src\Game\Map\MapDraw\MapDraw.cpp">
      <Filter>ソース ファイル\Game\Map\MapDraw</Filter>
    </ClCompile>
    <ClCompile Include="Src\Game\UI\UI.cpp">
      <Filter>ソース ファイル\Game\UI</Filter>
    </ClCompile>
    <ClCompile Include="Src\Game\UI\Log.cpp">
      <Filter>ソース ファイル\Game\UI</Filter>
    </ClCompile>
    <ClCompile Include="Src\Game\Object\ObjectManager\ObjectManager.cpp">
      <Filter>ソース ファイル\Game\Object\ObjectManager</Filter>
    </ClCompile>
    <ClCompile Include="Src\Game\Object\ObjectManager\ObjectStore\ObjectStore.cpp">
      <Filter>ソース ファイル\Game\Object\ObjectManager\ObjectStore</Filter>
    </ClCompile>
    <ClCompile Include="Src\Game\Object\ObjectManager\ObjectSpawner\ObjectSpawner.cpp">
      <Filter>ソース ファイル\Game\Object\ObjectManager\ObjectSpawner</Filter>
    </ClCompile>
    <ClCompile Include="Src\Game\Object\ObjectManager\ObjectSearch\ObjectSearch.cpp">
      <Filter>ソース ファイル\Game\Object\ObjectManager\ObjectSearch</Filter>
    </ClCompile>
    <ClCompile Include="Src\Game\Object\ObjectManager\MoveRule\MoveRule.cpp">
      <Filter>ソース ファイル\Game\Object\ObjectManager\MoveRule</Filter>
    </ClCompile>
    <ClCompile Include="Src\Game\Object\ObjectManager\CombatResolver\CombatResolver.cpp">
      <Filter>ソース ファイル\Game\Object\ObjectManager\CombatResolver</Filter>
    </ClCompile>
  </ItemGroup>
</Project>